
Microsoft Visual Studio Solution File, Format Version 12.00
# Visual Studio Version 16
VisualStudioVersion = 16.0.31402.337
MinimumVisualStudioVersion = 10.0.40219.1
Project("{FAE04EC0-301F-11D3-BF4B-00C04F79EFBC}") = "UIAutomationConsole", "UIAutomationConsole.csproj", "{A9F46EE3-44A9-4F7A-B2AC-4CF129B65FFE}"
EndProject
Global
	GlobalSection(SolutionConfigurationPlatforms) = preSolution
		Debug|Any CPU = Debug|Any CPU
		Release|Any CPU = Release|Any CPU
	EndGlobalSection
	GlobalSection(ProjectConfigurationPlatforms) = postSolution
		{A9F46EE3-44A9-4F7A-B2AC-4CF129B65FFE}.Debug|Any CPU.ActiveCfg = Debug|Any CPU
		{A9F46EE3-44A9-4F7A-B2AC-4CF129B65FFE}.Debug|Any CPU.Build.0 = Debug|Any CPU
		{A9F46EE3-44A9-4F7A-B2AC-4CF129B65FFE}.Release|Any CPU.ActiveCfg = Release|Any CPU
		{A9F46EE3-44A9-4F7A-B2AC-4CF129B65FFE}.Release|Any CPU.Build.0 = Release|Any CPU
	EndGlobalSection
	GlobalSection(SolutionProperties) = preSolution
		HideSolutionNode = FALSE
	EndGlobalSection
	GlobalSection(ExtensibilityGlobals) = postSolution
		SolutionGuid = {50225C2C-D8B6-4477-A128-1B245488234C}
	EndGlobalSection
EndGlobal
